// !$*UTF8*$!
{
	archiveVersion = 1;
	classes = {
	};
	objectVersion = 55;
	objects = {

/* Begin PBXBuildFile section */
		CBCE1E002836332F001F07F5 /* NetworkService.swift in Sources */ = {isa = PBXBuildFile; fileRef = CBCE1DFB2836332E001F07F5 /* NetworkService.swift */; };
		CBCE1E012836332F001F07F5 /* GoodsViewController.swift in Sources */ = {isa = PBXBuildFile; fileRef = CBCE1DFC2836332E001F07F5 /* GoodsViewController.swift */; };
		CBCE1E022836332F001F07F5 /* CartPhotosViewController.swift in Sources */ = {isa = PBXBuildFile; fileRef = CBCE1DFD2836332E001F07F5 /* CartPhotosViewController.swift */; };
		CBCE1E032836332F001F07F5 /* CartPhotosView.swift in Sources */ = {isa = PBXBuildFile; fileRef = CBCE1DFE2836332E001F07F5 /* CartPhotosView.swift */; };
		CBCE1E042836332F001F07F5 /* GoodsView.swift in Sources */ = {isa = PBXBuildFile; fileRef = CBCE1DFF2836332F001F07F5 /* GoodsView.swift */; };
		CBCE1E0628363344001F07F5 /* UIView+Extension.swift in Sources */ = {isa = PBXBuildFile; fileRef = CBCE1E0528363344001F07F5 /* UIView+Extension.swift */; };
		CBCE1E0D28363842001F07F5 /* Product.swift in Sources */ = {isa = PBXBuildFile; fileRef = CBCE1E0C28363842001F07F5 /* Product.swift */; };
		CBCE1E10283643A0001F07F5 /* GoodsCollectionViewCell.swift in Sources */ = {isa = PBXBuildFile; fileRef = CBCE1E0F283643A0001F07F5 /* GoodsCollectionViewCell.swift */; };
		CBCE1E1228364FDE001F07F5 /* UIStackView+Extension.swift in Sources */ = {isa = PBXBuildFile; fileRef = CBCE1E1128364FDE001F07F5 /* UIStackView+Extension.swift */; };
		CBCE1E14283695BD001F07F5 /* URLSessionTask+Extension.swift in Sources */ = {isa = PBXBuildFile; fileRef = CBCE1E13283695BD001F07F5 /* URLSessionTask+Extension.swift */; };
		CBD9DC6B28362F3F00AC129F /* AppDelegate.swift in Sources */ = {isa = PBXBuildFile; fileRef = CBD9DC6A28362F3F00AC129F /* AppDelegate.swift */; };
		CBD9DC6D28362F3F00AC129F /* SceneDelegate.swift in Sources */ = {isa = PBXBuildFile; fileRef = CBD9DC6C28362F3F00AC129F /* SceneDelegate.swift */; };
		CBD9DC7F28362FC600AC129F /* Constant.swift in Sources */ = {isa = PBXBuildFile; fileRef = CBD9DC7E28362FC600AC129F /* Constant.swift */; };
		CBD9DC812836300700AC129F /* RootTabBarController.swift in Sources */ = {isa = PBXBuildFile; fileRef = CBD9DC802836300700AC129F /* RootTabBarController.swift */; };
		CBD9DC832836303400AC129F /* MainNavigationController.swift in Sources */ = {isa = PBXBuildFile; fileRef = CBD9DC822836303400AC129F /* MainNavigationController.swift */; };
/* End PBXBuildFile section */

/* Begin PBXFileReference section */
		CBCE1DFB2836332E001F07F5 /* NetworkService.swift */ = {isa = PBXFileReference; fileEncoding = 4; lastKnownFileType = sourcecode.swift; path = NetworkService.swift; sourceTree = "<group>"; };
		CBCE1DFC2836332E001F07F5 /* GoodsViewController.swift */ = {isa = PBXFileReference; fileEncoding = 4; lastKnownFileType = sourcecode.swift; path = GoodsViewController.swift; sourceTree = "<group>"; };
		CBCE1DFD2836332E001F07F5 /* CartPhotosViewController.swift */ = {isa = PBXFileReference; fileEncoding = 4; lastKnownFileType = sourcecode.swift; path = CartPhotosViewController.swift; sourceTree = "<group>"; };
		CBCE1DFE2836332E001F07F5 /* CartPhotosView.swift */ = {isa = PBXFileReference; fileEncoding = 4; lastKnownFileType = sourcecode.swift; path = CartPhotosView.swift; sourceTree = "<group>"; };
		CBCE1DFF2836332F001F07F5 /* GoodsView.swift */ = {isa = PBXFileReference; fileEncoding = 4; lastKnownFileType = sourcecode.swift; path = GoodsView.swift; sourceTree = "<group>"; };
		CBCE1E0528363344001F07F5 /* UIView+Extension.swift */ = {isa = PBXFileReference; fileEncoding = 4; lastKnownFileType = sourcecode.swift; path = "UIView+Extension.swift"; sourceTree = "<group>"; };
		CBCE1E0C28363842001F07F5 /* Product.swift */ = {isa = PBXFileReference; lastKnownFileType = sourcecode.swift; path = Product.swift; sourceTree = "<group>"; };
		CBCE1E0F283643A0001F07F5 /* GoodsCollectionViewCell.swift */ = {isa = PBXFileReference; lastKnownFileType = sourcecode.swift; path = GoodsCollectionViewCell.swift; sourceTree = "<group>"; };
		CBCE1E1128364FDE001F07F5 /* UIStackView+Extension.swift */ = {isa = PBXFileReference; lastKnownFileType = sourcecode.swift; path = "UIStackView+Extension.swift"; sourceTree = "<group>"; };
		CBCE1E13283695BD001F07F5 /* URLSessionTask+Extension.swift */ = {isa = PBXFileReference; lastKnownFileType = sourcecode.swift; path = "URLSessionTask+Extension.swift"; sourceTree = "<group>"; };
		CBD9DC6728362F3F00AC129F /* Goods.app */ = {isa = PBXFileReference; explicitFileType = wrapper.application; includeInIndex = 0; path = Goods.app; sourceTree = BUILT_PRODUCTS_DIR; };
		CBD9DC6A28362F3F00AC129F /* AppDelegate.swift */ = {isa = PBXFileReference; lastKnownFileType = sourcecode.swift; path = AppDelegate.swift; sourceTree = "<group>"; };
		CBD9DC6C28362F3F00AC129F /* SceneDelegate.swift */ = {isa = PBXFileReference; lastKnownFileType = sourcecode.swift; path = SceneDelegate.swift; sourceTree = "<group>"; };
		CBD9DC7328362F4200AC129F /* Assets.xcassets */ = {isa = PBXFileReference; lastKnownFileType = folder.assetcatalog; path = Assets.xcassets; sourceTree = "<group>"; };
		CBD9DC7628362F4200AC129F /* Base */ = {isa = PBXFileReference; lastKnownFileType = file.storyboard; name = Base; path = Base.lproj/LaunchScreen.storyboard; sourceTree = "<group>"; };
		CBD9DC7828362F4200AC129F /* Info.plist */ = {isa = PBXFileReference; lastKnownFileType = text.plist.xml; path = Info.plist; sourceTree = "<group>"; };
		CBD9DC7E28362FC600AC129F /* Constant.swift */ = {isa = PBXFileReference; lastKnownFileType = sourcecode.swift; path = Constant.swift; sourceTree = "<group>"; };
		CBD9DC802836300700AC129F /* RootTabBarController.swift */ = {isa = PBXFileReference; lastKnownFileType = sourcecode.swift; path = RootTabBarController.swift; sourceTree = "<group>"; };
		CBD9DC822836303400AC129F /* MainNavigationController.swift */ = {isa = PBXFileReference; lastKnownFileType = sourcecode.swift; path = MainNavigationController.swift; sourceTree = "<group>"; };
/* End PBXFileReference section */

/* Begin PBXFrameworksBuildPhase section */
		CBD9DC6428362F3F00AC129F /* Frameworks */ = {
			isa = PBXFrameworksBuildPhase;
			buildActionMask = 2147483647;
			files = (
			);
			runOnlyForDeploymentPostprocessing = 0;
		};
/* End PBXFrameworksBuildPhase section */

/* Begin PBXGroup section */
		CBCE1DFA283631AA001F07F5 /* Managing */ = {
			isa = PBXGroup;
			children = (
				CBD9DC802836300700AC129F /* RootTabBarController.swift */,
				CBD9DC822836303400AC129F /* MainNavigationController.swift */,
			);
			path = Managing;
			sourceTree = "<group>";
		};
		CBCE1E0728363388001F07F5 /* Goods */ = {
			isa = PBXGroup;
			children = (
				CBCE1DFF2836332F001F07F5 /* GoodsView.swift */,
				CBCE1DFC2836332E001F07F5 /* GoodsViewController.swift */,
				CBCE1E0F283643A0001F07F5 /* GoodsCollectionViewCell.swift */,
			);
			path = Goods;
			sourceTree = "<group>";
		};
		CBCE1E082836338F001F07F5 /* Constants */ = {
			isa = PBXGroup;
			children = (
				CBD9DC7E28362FC600AC129F /* Constant.swift */,
			);
			path = Constants;
			sourceTree = "<group>";
		};
		CBCE1E0928363395001F07F5 /* Extensions */ = {
			isa = PBXGroup;
			children = (
				CBCE1E0528363344001F07F5 /* UIView+Extension.swift */,
				CBCE1E1128364FDE001F07F5 /* UIStackView+Extension.swift */,
				CBCE1E13283695BD001F07F5 /* URLSessionTask+Extension.swift */,
			);
			path = Extensions;
			sourceTree = "<group>";
		};
		CBCE1E0A2836339D001F07F5 /* Cart */ = {
			isa = PBXGroup;
			children = (
				CBCE1DFE2836332E001F07F5 /* CartPhotosView.swift */,
				CBCE1DFD2836332E001F07F5 /* CartPhotosViewController.swift */,
			);
			path = Cart;
			sourceTree = "<group>";
		};
		CBCE1E0B283633AD001F07F5 /* Services */ = {
			isa = PBXGroup;
			children = (
				CBCE1DFB2836332E001F07F5 /* NetworkService.swift */,
			);
			path = Services;
			sourceTree = "<group>";
		};
		CBCE1E0E28363B4D001F07F5 /* Models */ = {
			isa = PBXGroup;
			children = (
				CBCE1E0C28363842001F07F5 /* Product.swift */,
			);
			path = Models;
			sourceTree = "<group>";
		};
		CBD9DC5E28362F3F00AC129F = {
			isa = PBXGroup;
			children = (
				CBD9DC6928362F3F00AC129F /* Goods */,
				CBD9DC6828362F3F00AC129F /* Products */,
			);
			sourceTree = "<group>";
		};
		CBD9DC6828362F3F00AC129F /* Products */ = {
			isa = PBXGroup;
			children = (
				CBD9DC6728362F3F00AC129F /* Goods.app */,
			);
			name = Products;
			sourceTree = "<group>";
		};
		CBD9DC6928362F3F00AC129F /* Goods */ = {
			isa = PBXGroup;
			children = (
				CBCE1E0E28363B4D001F07F5 /* Models */,
				CBCE1E082836338F001F07F5 /* Constants */,
				CBCE1E0B283633AD001F07F5 /* Services */,
				CBCE1DFA283631AA001F07F5 /* Managing */,
				CBCE1E0728363388001F07F5 /* Goods */,
				CBCE1E0A2836339D001F07F5 /* Cart */,
				CBCE1E0928363395001F07F5 /* Extensions */,
				CBD9DC8C283630A200AC129F /* SupportingFiles */,
				CBD9DC7328362F4200AC129F /* Assets.xcassets */,
				CBD9DC7528362F4200AC129F /* LaunchScreen.storyboard */,
				CBD9DC7828362F4200AC129F /* Info.plist */,
			);
			path = Goods;
			sourceTree = "<group>";
		};
		CBD9DC8C283630A200AC129F /* SupportingFiles */ = {
			isa = PBXGroup;
			children = (
				CBD9DC6A28362F3F00AC129F /* AppDelegate.swift */,
				CBD9DC6C28362F3F00AC129F /* SceneDelegate.swift */,
			);
			path = SupportingFiles;
			sourceTree = "<group>";
		};
/* End PBXGroup section */

/* Begin PBXNativeTarget section */
		CBD9DC6628362F3F00AC129F /* Goods */ = {
			isa = PBXNativeTarget;
			buildConfigurationList = CBD9DC7B28362F4200AC129F /* Build configuration list for PBXNativeTarget "Goods" */;
			buildPhases = (
				CBD9DC6328362F3F00AC129F /* Sources */,
				CBD9DC6428362F3F00AC129F /* Frameworks */,
			);
			buildRules = (
			);
			dependencies = (
			);
			name = Goods;
			productName = Goods;
			productReference = CBD9DC6728362F3F00AC129F /* Goods.app */;
			productType = "com.apple.product-type.application";
		};
/* End PBXNativeTarget section */

/* Begin PBXProject section */
		CBD9DC5F28362F3F00AC129F /* Project object */ = {
			isa = PBXProject;
			attributes = {
				BuildIndependentTargetsInParallel = 1;
				LastSwiftUpdateCheck = 1330;
				LastUpgradeCheck = 1330;
				TargetAttributes = {
					CBD9DC6628362F3F00AC129F = {
						CreatedOnToolsVersion = 13.3.1;
					};
				};
			};
			buildConfigurationList = CBD9DC6228362F3F00AC129F /* Build configuration list for PBXProject "Goods" */;
			compatibilityVersion = "Xcode 13.0";
			developmentRegion = en;
			hasScannedForEncodings = 0;
			knownRegions = (
				en,
				Base,
			);
			mainGroup = CBD9DC5E28362F3F00AC129F;
			productRefGroup = CBD9DC6828362F3F00AC129F /* Products */;
			projectDirPath = "";
			projectRoot = "";
			targets = (
				CBD9DC6628362F3F00AC129F /* Goods */,
			);
		};
/* End PBXProject section */

/* Begin PBXSourcesBuildPhase section */
		CBD9DC6328362F3F00AC129F /* Sources */ = {
			isa = PBXSourcesBuildPhase;
			buildActionMask = 2147483647;
			files = (
				CBCE1E0628363344001F07F5 /* UIView+Extension.swift in Sources */,
				CBCE1E1228364FDE001F07F5 /* UIStackView+Extension.swift in Sources */,
				CBD9DC832836303400AC129F /* MainNavigationController.swift in Sources */,
				CBCE1E10283643A0001F07F5 /* GoodsCollectionViewCell.swift in Sources */,
				CBD9DC812836300700AC129F /* RootTabBarController.swift in Sources */,
				CBCE1E032836332F001F07F5 /* CartPhotosView.swift in Sources */,
				CBCE1E012836332F001F07F5 /* GoodsViewController.swift in Sources */,
				CBD9DC6B28362F3F00AC129F /* AppDelegate.swift in Sources */,
				CBCE1E0D28363842001F07F5 /* Product.swift in Sources */,
				CBD9DC6D28362F3F00AC129F /* SceneDelegate.swift in Sources */,
				CBCE1E002836332F001F07F5 /* NetworkService.swift in Sources */,
				CBCE1E042836332F001F07F5 /* GoodsView.swift in Sources */,
				CBCE1E14283695BD001F07F5 /* URLSessionTask+Extension.swift in Sources */,
				CBD9DC7F28362FC600AC129F /* Constant.swift in Sources */,
				CBCE1E022836332F001F07F5 /* CartPhotosViewController.swift in Sources */,
			);
			runOnlyForDeploymentPostprocessing = 0;
		};
/* End PBXSourcesBuildPhase section */

/* Begin PBXVariantGroup section */
		CBD9DC7528362F4200AC129F /* LaunchScreen.storyboard */ = {
			isa = PBXVariantGroup;
			children = (
				CBD9DC7628362F4200AC129F /* Base */,
			);
			name = LaunchScreen.storyboard;
			sourceTree = "<group>";
		};
/* End PBXVariantGroup section */

/* Begin XCBuildConfiguration section */
		CBD9DC7928362F4200AC129F /* Debug */ = {
			isa = XCBuildConfiguration;
			buildSettings = {
				ALWAYS_SEARCH_USER_PATHS = NO;
				CLANG_ANALYZER_NONNULL = YES;
				CLANG_ANALYZER_NUMBER_OBJECT_CONVERSION = YES_AGGRESSIVE;
				CLANG_CXX_LANGUAGE_STANDARD = "gnu++17";
				CLANG_ENABLE_MODULES = YES;
				CLANG_ENABLE_OBJC_ARC = YES;
				CLANG_ENABLE_OBJC_WEAK = YES;
				CLANG_WARN_BLOCK_CAPTURE_AUTORELEASING = YES;
				CLANG_WARN_BOOL_CONVERSION = YES;
				CLANG_WARN_COMMA = YES;
				CLANG_WARN_CONSTANT_CONVERSION = YES;
				CLANG_WARN_DEPRECATED_OBJC_IMPLEMENTATIONS = YES;
				CLANG_WARN_DIRECT_OBJC_ISA_USAGE = YES_ERROR;
				CLANG_WARN_DOCUMENTATION_COMMENTS = YES;
				CLANG_WARN_EMPTY_BODY = YES;
				CLANG_WARN_ENUM_CONVERSION = YES;
				CLANG_WARN_INFINITE_RECURSION = YES;
				CLANG_WARN_INT_CONVERSION = YES;
				CLANG_WARN_NON_LITERAL_NULL_CONVERSION = YES;
				CLANG_WARN_OBJC_IMPLICIT_RETAIN_SELF = YES;
				CLANG_WARN_OBJC_LITERAL_CONVERSION = YES;
				CLANG_WARN_OBJC_ROOT_CLASS = YES_ERROR;
				CLANG_WARN_QUOTED_INCLUDE_IN_FRAMEWORK_HEADER = YES;
				CLANG_WARN_RANGE_LOOP_ANALYSIS = YES;
				CLANG_WARN_STRICT_PROTOTYPES = YES;
				CLANG_WARN_SUSPICIOUS_MOVE = YES;
				CLANG_WARN_UNGUARDED_AVAILABILITY = YES_AGGRESSIVE;
				CLANG_WARN_UNREACHABLE_CODE = YES;
				CLANG_WARN__DUPLICATE_METHOD_MATCH = YES;
				COPY_PHASE_STRIP = NO;
				DEBUG_INFORMATION_FORMAT = dwarf;
				ENABLE_STRICT_OBJC_MSGSEND = YES;
				ENABLE_TESTABILITY = YES;
				GCC_C_LANGUAGE_STANDARD = gnu11;
				GCC_DYNAMIC_NO_PIC = NO;
				GCC_NO_COMMON_BLOCKS = YES;
				GCC_OPTIMIZATION_LEVEL = 0;
				GCC_PREPROCESSOR_DEFINITIONS = (
					"DEBUG=1",
					"$(inherited)",
				);
				GCC_WARN_64_TO_32_BIT_CONVERSION = YES;
				GCC_WARN_ABOUT_RETURN_TYPE = YES_ERROR;
				GCC_WARN_UNDECLARED_SELECTOR = YES;
				GCC_WARN_UNINITIALIZED_AUTOS = YES_AGGRESSIVE;
				GCC_WARN_UNUSED_FUNCTION = YES;
				GCC_WARN_UNUSED_VARIABLE = YES;
				IPHONEOS_DEPLOYMENT_TARGET = 15.4;
				MTL_ENABLE_DEBUG_INFO = INCLUDE_SOURCE;
				MTL_FAST_MATH = YES;
				ONLY_ACTIVE_ARCH = YES;
				SDKROOT = iphoneos;
				SWIFT_ACTIVE_COMPILATION_CONDITIONS = DEBUG;
				SWIFT_OPTIMIZATION_LEVEL = "-Onone";
			};
			name = Debug;
		};
		CBD9DC7A28362F4200AC129F /* Release */ = {
			isa = XCBuildConfiguration;
			buildSettings = {
				ALWAYS_SEARCH_USER_PATHS = NO;
				CLANG_ANALYZER_NONNULL = YES;
				CLANG_ANALYZER_NUMBER_OBJECT_CONVERSION = YES_AGGRESSIVE;
				CLANG_CXX_LANGUAGE_STANDARD = "gnu++17";
				CLANG_ENABLE_MODULES = YES;
				CLANG_ENABLE_OBJC_ARC = YES;
				CLANG_ENABLE_OBJC_WEAK = YES;
				CLANG_WARN_BLOCK_CAPTURE_AUTORELEASING = YES;
				CLANG_WARN_BOOL_CONVERSION = YES;
				CLANG_WARN_COMMA = YES;
				CLANG_WARN_CONSTANT_CONVERSION = YES;
				CLANG_WARN_DEPRECATED_OBJC_IMPLEMENTATIONS = YES;
				CLANG_WARN_DIRECT_OBJC_ISA_USAGE = YES_ERROR;
				CLANG_WARN_DOCUMENTATION_COMMENTS = YES;
				CLANG_WARN_EMPTY_BODY = YES;
				CLANG_WARN_ENUM_CONVERSION = YES;
				CLANG_WARN_INFINITE_RECURSION = YES;
				CLANG_WARN_INT_CONVERSION = YES;
				CLANG_WARN_NON_LITERAL_NULL_CONVERSION = YES;
				CLANG_WARN_OBJC_IMPLICIT_RETAIN_SELF = YES;
				CLANG_WARN_OBJC_LITERAL_CONVERSION = YES;
				CLANG_WARN_OBJC_ROOT_CLASS = YES_ERROR;
				CLANG_WARN_QUOTED_INCLUDE_IN_FRAMEWORK_HEADER = YES;
				CLANG_WARN_RANGE_LOOP_ANALYSIS = YES;
				CLANG_WARN_STRICT_PROTOTYPES = YES;
				CLANG_WARN_SUSPICIOUS_MOVE = YES;
				CLANG_WARN_UNGUARDED_AVAILABILITY = YES_AGGRESSIVE;
				CLANG_WARN_UNREACHABLE_CODE = YES;
				CLANG_WARN__DUPLICATE_METHOD_MATCH = YES;
				COPY_PHASE_STRIP = NO;
				DEBUG_INFORMATION_FORMAT = "dwarf-with-dsym";
				ENABLE_NS_ASSERTIONS = NO;
				ENABLE_STRICT_OBJC_MSGSEND = YES;
				GCC_C_LANGUAGE_STANDARD = gnu11;
				GCC_NO_COMMON_BLOCKS = YES;
				GCC_WARN_64_TO_32_BIT_CONVERSION = YES;
				GCC_WARN_ABOUT_RETURN_TYPE = YES_ERROR;
				GCC_WARN_UNDECLARED_SELECTOR = YES;
				GCC_WARN_UNINITIALIZED_AUTOS = YES_AGGRESSIVE;
				GCC_WARN_UNUSED_FUNCTION = YES;
				GCC_WARN_UNUSED_VARIABLE = YES;
				IPHONEOS_DEPLOYMENT_TARGET = 15.4;
				MTL_ENABLE_DEBUG_INFO = NO;
				MTL_FAST_MATH = YES;
				SDKROOT = iphoneos;
				SWIFT_COMPILATION_MODE = wholemodule;
				SWIFT_OPTIMIZATION_LEVEL = "-O";
				VALIDATE_PRODUCT = YES;
			};
			name = Release;
		};
		CBD9DC7C28362F4200AC129F /* Debug */ = {
			isa = XCBuildConfiguration;
			buildSettings = {
				ASSETCATALOG_COMPILER_APPICON_NAME = AppIcon;
				ASSETCATALOG_COMPILER_GLOBAL_ACCENT_COLOR_NAME = AccentColor;
				CODE_SIGN_STYLE = Automatic;
				CURRENT_PROJECT_VERSION = 1;
				DEVELOPMENT_TEAM = T7YWVGS7V5;
				GENERATE_INFOPLIST_FILE = YES;
				INFOPLIST_FILE = Goods/Info.plist;
				INFOPLIST_KEY_UIApplicationSupportsIndirectInputEvents = YES;
				INFOPLIST_KEY_UILaunchStoryboardName = LaunchScreen;
				INFOPLIST_KEY_UISupportedInterfaceOrientations_iPad = "UIInterfaceOrientationPortrait UIInterfaceOrientationPortraitUpsideDown UIInterfaceOrientationLandscapeLeft UIInterfaceOrientationLandscapeRight";
				INFOPLIST_KEY_UISupportedInterfaceOrientations_iPhone = "UIInterfaceOrientationPortrait UIInterfaceOrientationLandscapeLeft UIInterfaceOrientationLandscapeRight";
				LD_RUNPATH_SEARCH_PATHS = (
					"$(inherited)",
					"@executable_path/Frameworks",
				);
				MARKETING_VERSION = 1.0;
				PRODUCT_BUNDLE_IDENTIFIER = com.gellert.Goods;
				PRODUCT_NAME = "$(TARGET_NAME)";
				SWIFT_EMIT_LOC_STRINGS = YES;
				SWIFT_VERSION = 5.0;
				TARGETED_DEVICE_FAMILY = "1,2";
			};
			name = Debug;
		};
		CBD9DC7D28362F4200AC129F /* Release */ = {
			isa = XCBuildConfiguration;
			buildSettings = {
				ASSETCATALOG_COMPILER_APPICON_NAME = AppIcon;
				ASSETCATALOG_COMPILER_GLOBAL_ACCENT_COLOR_NAME = AccentColor;
				CODE_SIGN_STYLE = Automatic;
				CURRENT_PROJECT_VERSION = 1;
				DEVELOPMENT_TEAM = T7YWVGS7V5;
				GENERATE_INFOPLIST_FILE = YES;
				INFOPLIST_FILE = Goods/Info.plist;
				INFOPLIST_KEY_UIApplicationSupportsIndirectInputEvents = YES;
				INFOPLIST_KEY_UILaunchStoryboardName = LaunchScreen;
				INFOPLIST_KEY_UISupportedInterfaceOrientations_iPad = "UIInterfaceOrientationPortrait UIInterfaceOrientationPortraitUpsideDown UIInterfaceOrientationLandscapeLeft UIInterfaceOrientationLandscapeRight";
				INFOPLIST_KEY_UISupportedInterfaceOrientations_iPhone = "UIInterfaceOrientationPortrait UIInterfaceOrientationLandscapeLeft UIInterfaceOrientationLandscapeRight";
				LD_RUNPATH_SEARCH_PATHS = (
					"$(inherited)",
					"@executable_path/Frameworks",
				);
				MARKETING_VERSION = 1.0;
				PRODUCT_BUNDLE_IDENTIFIER = com.gellert.Goods;
				PRODUCT_NAME = "$(TARGET_NAME)";
				SWIFT_EMIT_LOC_STRINGS = YES;
				SWIFT_VERSION = 5.0;
				TARGETED_DEVICE_FAMILY = "1,2";
			};
			name = Release;
		};
/* End XCBuildConfiguration section */

/* Begin XCConfigurationList section */
		CBD9DC6228362F3F00AC129F /* Build configuration list for PBXProject "Goods" */ = {
			isa = XCConfigurationList;
			buildConfigurations = (
				CBD9DC7928362F4200AC129F /* Debug */,
				CBD9DC7A28362F4200AC129F /* Release */,
			);
			defaultConfigurationIsVisible = 0;
			defaultConfigurationName = Release;
		};
		CBD9DC7B28362F4200AC129F /* Build configuration list for PBXNativeTarget "Goods" */ = {
			isa = XCConfigurationList;
			buildConfigurations = (
				CBD9DC7C28362F4200AC129F /* Debug */,
				CBD9DC7D28362F4200AC129F /* Release */,
			);
			defaultConfigurationIsVisible = 0;
			defaultConfigurationName = Release;
		};
/* End XCConfigurationList section */
	};
	rootObject = CBD9DC5F28362F3F00AC129F /* Project object */;
}
